// !$*UTF8*$!
{
	archiveVersion = 1;
	classes = {
	};
	objectVersion = 46;
	objects = {

/* Begin PBXBuildFile section */
		B64591D5C16C0A7F919A5600 /* FFPatternsViewControl.m in Sources */ = {isa = PBXBuildFile; fileRef = B64591A9811674B95BFF547A /* FFPatternsViewControl.m */; };
		B6459246F1D3585604D8AE16 /* FFPatternGenerator.m in Sources */ = {isa = PBXBuildFile; fileRef = B6459CB1BCE1838C481398C4 /* FFPatternGenerator.m */; };
		B64592839F62BB9661F84CA1 /* FFTileViewMultiStated.m in Sources */ = {isa = PBXBuildFile; fileRef = B645943C3F94EFC03E9CC33A /* FFTileViewMultiStated.m */; };
		B6459415A1D2334F7BE399DA /* FFMenuBackgroundView.m in Sources */ = {isa = PBXBuildFile; fileRef = B645917B4741F38A59553D33 /* FFMenuBackgroundView.m */; };
		B645945670CABDAEE11908A6 /* FFVersusFooter.m in Sources */ = {isa = PBXBuildFile; fileRef = B6459CB8AA96836D220833B9 /* FFVersusFooter.m */; };
		B64594770D9FB09BD2C623E2 /* FFCoord.m in Sources */ = {isa = PBXBuildFile; fileRef = B645980C027083820A3C125A /* FFCoord.m */; };
		B645956E36D5969BC583EBD3 /* FFGamePausedMenu.m in Sources */ = {isa = PBXBuildFile; fileRef = B6459B062CA7DBD8B592CF76 /* FFGamePausedMenu.m */; };
		B64595A7D35D6B6DB4F83D0B /* FFMainMenu.m in Sources */ = {isa = PBXBuildFile; fileRef = B645930192944443B4EAC7B1 /* FFMainMenu.m */; };
		B64595ADA377211E828CC2EE /* FFChallengeMenu.m in Sources */ = {isa = PBXBuildFile; fileRef = B645966D7BB73B2266C7D08E /* FFChallengeMenu.m */; };
		B64595B9B5072D416D5547A9 /* FFPattern.m in Sources */ = {isa = PBXBuildFile; fileRef = B6459ACD945C050F35B6DB67 /* FFPattern.m */; };
		B64596554E12012732F35E91 /* FFAutoSolver.m in Sources */ = {isa = PBXBuildFile; fileRef = B6459D6DC49A57483A916B94 /* FFAutoSolver.m */; };
		B64597CDAEB1F2666B8FFEC5 /* Localizable.strings in Resources */ = {isa = PBXBuildFile; fileRef = B645925EB72CA866391B4DD8 /* Localizable.strings */; };
		B645980102D932D93CC16027 /* FFGameViewController.m in Sources */ = {isa = PBXBuildFile; fileRef = B6459955E7244639B7EC9634 /* FFGameViewController.m */; };
		B64598F2532A41B1462E4036 /* FFMoveViewControl.m in Sources */ = {isa = PBXBuildFile; fileRef = B6459B952B2CD7159D15EE80 /* FFMoveViewControl.m */; };
		B64599B7FF823B0EEA0F7305 /* FFChallengeFooter.m in Sources */ = {isa = PBXBuildFile; fileRef = B64596D04506AEA255CEF567 /* FFChallengeFooter.m */; };
		B6459A6C42EA2CF39F9745D7 /* FFChallengeGenerator.m in Sources */ = {isa = PBXBuildFile; fileRef = B6459DAC856480E0DD1B2ECE /* FFChallengeGenerator.m */; };
		B6459B39DBEF771B6645742F /* challenges.txt in Resources */ = {isa = PBXBuildFile; fileRef = B64594F85CF9B72D613D4509 /* challenges.txt */; };
		B6459B45660C538B80CA8CD6 /* FFGamesCore.m in Sources */ = {isa = PBXBuildFile; fileRef = B6459D650EE8DD7C7DA947FD /* FFGamesCore.m */; };
		B6459CABDB773FEA1003F9A8 /* FFAutoPlayer.m in Sources */ = {isa = PBXBuildFile; fileRef = B6459C1478F69EB6FA43CC9D /* FFAutoPlayer.m */; };
		B6459D38B5124639F4E20382 /* FFMove.m in Sources */ = {isa = PBXBuildFile; fileRef = B6459DE4CD778D3FBA506044 /* FFMove.m */; };
		B6459D8857D1D1A9DACDC2C3 /* random_challenges.txt in Resources */ = {isa = PBXBuildFile; fileRef = B6459409CEB4CCFD780373F6 /* random_challenges.txt */; };
		B6459DAF3602AC4B9F7ABAAF /* FFPlayer.m in Sources */ = {isa = PBXBuildFile; fileRef = B6459A8603D0B4A2FFEC85D4 /* FFPlayer.m */; };
		B6459DCEA5DA144487578E2F /* IDEAS.txt in Resources */ = {isa = PBXBuildFile; fileRef = B6459D225449F4C8338A1617 /* IDEAS.txt */; };
		B6459DEBC48BCB5E872C6F2E /* FFPatternView.m in Sources */ = {isa = PBXBuildFile; fileRef = B6459300E7486AC52035208E /* FFPatternView.m */; };
		B6459EAE7A86A4CB2BC3AA9B /* UIColor+FFColors.m in Sources */ = {isa = PBXBuildFile; fileRef = B645937842B29C30EB2ACB94 /* UIColor+FFColors.m */; };
		B6459F0F1E312C03ED054A23 /* FFHistorySlider.m in Sources */ = {isa = PBXBuildFile; fileRef = B6459C9E32AB156486CB063B /* FFHistorySlider.m */; };
		B6459F1CE7FAB5C908986645 /* FFChallengeLoader.m in Sources */ = {isa = PBXBuildFile; fileRef = B64592BA75A80AF992A6B8A9 /* FFChallengeLoader.m */; };
		CEA592EF1780663000DD6F86 /* QuartzCore.framework in Frameworks */ = {isa = PBXBuildFile; fileRef = CEA592EE1780663000DD6F86 /* QuartzCore.framework */; };
		CEA707E9176B817700DD93E9 /* FFGame.m in Sources */ = {isa = PBXBuildFile; fileRef = CEA707E8176B817700DD93E9 /* FFGame.m */; };
		CEA707EF176B81FA00DD93E9 /* FFBoard.m in Sources */ = {isa = PBXBuildFile; fileRef = CEA707EE176B81FA00DD93E9 /* FFBoard.m */; };
		CEA707F2176B824D00DD93E9 /* FFTile.m in Sources */ = {isa = PBXBuildFile; fileRef = CEA707F1176B824D00DD93E9 /* FFTile.m */; };
		CEBBC114176B5FF3006F600E /* UIKit.framework in Frameworks */ = {isa = PBXBuildFile; fileRef = CEBBC113176B5FF3006F600E /* UIKit.framework */; };
		CEBBC116176B5FF3006F600E /* Foundation.framework in Frameworks */ = {isa = PBXBuildFile; fileRef = CEBBC115176B5FF3006F600E /* Foundation.framework */; };
		CEBBC118176B5FF3006F600E /* CoreGraphics.framework in Frameworks */ = {isa = PBXBuildFile; fileRef = CEBBC117176B5FF3006F600E /* CoreGraphics.framework */; };
		CEBBC11E176B5FF4006F600E /* InfoPlist.strings in Resources */ = {isa = PBXBuildFile; fileRef = CEBBC11C176B5FF4006F600E /* InfoPlist.strings */; };
		CEBBC120176B5FF4006F600E /* main.m in Sources */ = {isa = PBXBuildFile; fileRef = CEBBC11F176B5FF4006F600E /* main.m */; };
		CEBBC124176B5FF4006F600E /* FFAppDelegate.m in Sources */ = {isa = PBXBuildFile; fileRef = CEBBC123176B5FF4006F600E /* FFAppDelegate.m */; };
		CEBBC126176B5FF4006F600E /* Default.png in Resources */ = {isa = PBXBuildFile; fileRef = CEBBC125176B5FF4006F600E /* Default.png */; };
		CEBBC128176B5FF4006F600E /* Default@2x.png in Resources */ = {isa = PBXBuildFile; fileRef = CEBBC127176B5FF4006F600E /* Default@2x.png */; };
		CEBBC12A176B5FF4006F600E /* Default-568h@2x.png in Resources */ = {isa = PBXBuildFile; fileRef = CEBBC129176B5FF4006F600E /* Default-568h@2x.png */; };
		CEBBC12D176B5FF4006F600E /* MainStoryboard.storyboard in Resources */ = {isa = PBXBuildFile; fileRef = CEBBC12B176B5FF4006F600E /* MainStoryboard.storyboard */; };
		CEBBC130176B5FF4006F600E /* FFViewController.m in Sources */ = {isa = PBXBuildFile; fileRef = CEBBC12F176B5FF4006F600E /* FFViewController.m */; };
		CEBBC138176B5FF4006F600E /* SenTestingKit.framework in Frameworks */ = {isa = PBXBuildFile; fileRef = CEBBC137176B5FF4006F600E /* SenTestingKit.framework */; };
		CEBBC139176B5FF4006F600E /* UIKit.framework in Frameworks */ = {isa = PBXBuildFile; fileRef = CEBBC113176B5FF3006F600E /* UIKit.framework */; };
		CEBBC13A176B5FF4006F600E /* Foundation.framework in Frameworks */ = {isa = PBXBuildFile; fileRef = CEBBC115176B5FF3006F600E /* Foundation.framework */; };
		CEBBC142176B5FF4006F600E /* InfoPlist.strings in Resources */ = {isa = PBXBuildFile; fileRef = CEBBC140176B5FF4006F600E /* InfoPlist.strings */; };
		CEBBC145176B5FF4006F600E /* Flip4FriendsTests.m in Sources */ = {isa = PBXBuildFile; fileRef = CEBBC144176B5FF4006F600E /* Flip4FriendsTests.m */; };
		CEBBC151176B776E006F600E /* FFBoardView.m in Sources */ = {isa = PBXBuildFile; fileRef = CEBBC150176B776E006F600E /* FFBoardView.m */; };
		CEBD2C19179F47B0008C0835 /* back_pattern.png in Resources */ = {isa = PBXBuildFile; fileRef = CEBD2C17179F47B0008C0835 /* back_pattern.png */; };
		CEBD2C1A179F47B0008C0835 /* back_pattern@2x.png in Resources */ = {isa = PBXBuildFile; fileRef = CEBD2C18179F47B0008C0835 /* back_pattern@2x.png */; };
		CEBD2C1D179F50D5008C0835 /* black_pattern.png in Resources */ = {isa = PBXBuildFile; fileRef = CEBD2C1B179F50D5008C0835 /* black_pattern.png */; };
		CEBD2C1E179F50D5008C0835 /* white_pattern.png in Resources */ = {isa = PBXBuildFile; fileRef = CEBD2C1C179F50D5008C0835 /* white_pattern.png */; };
		CEBD2C2617A16D5B008C0835 /* FFMenuViewController.m in Sources */ = {isa = PBXBuildFile; fileRef = CEBD2C2517A16D5B008C0835 /* FFMenuViewController.m */; };
		CEBD2C2817A18032008C0835 /* menu_back_pattern.png in Resources */ = {isa = PBXBuildFile; fileRef = CEBD2C2717A18032008C0835 /* menu_back_pattern.png */; };
		CEBD2C2B17A1BC19008C0835 /* FFGameFinishedMenu.m in Sources */ = {isa = PBXBuildFile; fileRef = CEBD2C2A17A1BC19008C0835 /* FFGameFinishedMenu.m */; };
		CEBD2C3017A55AF7008C0835 /* FFButton.m in Sources */ = {isa = PBXBuildFile; fileRef = CEBD2C2F17A55AF7008C0835 /* FFButton.m */; };
		CEE6C37117EA348A0026F2E8 /* FFChallengeCreatorController.m in Sources */ = {isa = PBXBuildFile; fileRef = CEE6C37017EA348A0026F2E8 /* FFChallengeCreatorController.m */; };
		CEE6C37417EA37E00026F2E8 /* FFChallengePaintView.m in Sources */ = {isa = PBXBuildFile; fileRef = CEE6C37317EA37E00026F2E8 /* FFChallengePaintView.m */; };
/* End PBXBuildFile section */

/* Begin PBXContainerItemProxy section */
		CEBBC13B176B5FF4006F600E /* PBXContainerItemProxy */ = {
			isa = PBXContainerItemProxy;
			containerPortal = CEBBC108176B5FF3006F600E /* Project object */;
			proxyType = 1;
			remoteGlobalIDString = CEBBC10F176B5FF3006F600E;
			remoteInfo = Flip4Friends;
		};
/* End PBXContainerItemProxy section */

/* Begin PBXFileReference section */
		B645900DDCDA971F90D85CC6 /* FFHistorySlider.h */ = {isa = PBXFileReference; fileEncoding = 4; lastKnownFileType = sourcecode.c.h; name = FFHistorySlider.h; path = UI/Game/FFHistorySlider.h; sourceTree = "<group>"; };
		B645904F6B1CE3597FB2F75C /* UIColor+FFColors.h */ = {isa = PBXFileReference; fileEncoding = 4; lastKnownFileType = sourcecode.c.h; path = "UIColor+FFColors.h"; sourceTree = "<group>"; };
		B645907DFA5712C41B855D1E /* FFChallengeFooter.h */ = {isa = PBXFileReference; fileEncoding = 4; lastKnownFileType = sourcecode.c.h; name = FFChallengeFooter.h; path = UI/Menu/FFChallengeFooter.h; sourceTree = "<group>"; };
		B645917B4741F38A59553D33 /* FFMenuBackgroundView.m */ = {isa = PBXFileReference; fileEncoding = 4; lastKnownFileType = sourcecode.c.objc; name = FFMenuBackgroundView.m; path = UI/Menu/FFMenuBackgroundView.m; sourceTree = "<group>"; };
		B64591A9811674B95BFF547A /* FFPatternsViewControl.m */ = {isa = PBXFileReference; fileEncoding = 4; lastKnownFileType = sourcecode.c.objc; name = FFPatternsViewControl.m; path = UI/FFPatternsViewControl.m; sourceTree = "<group>"; };
		B645925EB72CA866391B4DD8 /* Localizable.strings */ = {isa = PBXFileReference; fileEncoding = 4; lastKnownFileType = text.plist.strings; name = Localizable.strings; path = Resources/Localizable.strings; sourceTree = "<group>"; };
		B64592858C11E8716FFDBDE0 /* FFPatternView.h */ = {isa = PBXFileReference; fileEncoding = 4; lastKnownFileType = sourcecode.c.h; name = FFPatternView.h; path = UI/FFPatternView.h; sourceTree = "<group>"; };
		B64592BA75A80AF992A6B8A9 /* FFChallengeLoader.m */ = {isa = PBXFileReference; fileEncoding = 4; lastKnownFileType = sourcecode.c.objc; path = FFChallengeLoader.m; sourceTree = "<group>"; };
		B6459300E7486AC52035208E /* FFPatternView.m */ = {isa = PBXFileReference; fileEncoding = 4; lastKnownFileType = sourcecode.c.objc; name = FFPatternView.m; path = UI/FFPatternView.m; sourceTree = "<group>"; };
		B645930192944443B4EAC7B1 /* FFMainMenu.m */ = {isa = PBXFileReference; fileEncoding = 4; lastKnownFileType = sourcecode.c.objc; name = FFMainMenu.m; path = UI/Menu/FFMainMenu.m; sourceTree = "<group>"; };
		B645937842B29C30EB2ACB94 /* UIColor+FFColors.m */ = {isa = PBXFileReference; fileEncoding = 4; lastKnownFileType = sourcecode.c.objc; path = "UIColor+FFColors.m"; sourceTree = "<group>"; };
		B64593F8812F891D4F442018 /* FFPatternGenerator.h */ = {isa = PBXFileReference; fileEncoding = 4; lastKnownFileType = sourcecode.c.h; path = FFPatternGenerator.h; sourceTree = "<group>"; };
		B6459409CEB4CCFD780373F6 /* random_challenges.txt */ = {isa = PBXFileReference; fileEncoding = 4; lastKnownFileType = text; path = random_challenges.txt; sourceTree = "<group>"; };
		B645943C3F94EFC03E9CC33A /* FFTileViewMultiStated.m */ = {isa = PBXFileReference; fileEncoding = 4; lastKnownFileType = sourcecode.c.objc; path = FFTileViewMultiStated.m; sourceTree = "<group>"; };
		B64594F85CF9B72D613D4509 /* challenges.txt */ = {isa = PBXFileReference; fileEncoding = 4; lastKnownFileType = text; path = challenges.txt; sourceTree = "<group>"; };
		B645966D7BB73B2266C7D08E /* FFChallengeMenu.m */ = {isa = PBXFileReference; fileEncoding = 4; lastKnownFileType = sourcecode.c.objc; name = FFChallengeMenu.m; path = UI/Menu/FFChallengeMenu.m; sourceTree = "<group>"; };
		B64596D04506AEA255CEF567 /* FFChallengeFooter.m */ = {isa = PBXFileReference; fileEncoding = 4; lastKnownFileType = sourcecode.c.objc; name = FFChallengeFooter.m; path = UI/Menu/FFChallengeFooter.m; sourceTree = "<group>"; };
		B645974FD0AC315D6039709A /* FFCoord.h */ = {isa = PBXFileReference; fileEncoding = 4; lastKnownFileType = sourcecode.c.h; path = FFCoord.h; sourceTree = "<group>"; };
		B645980C027083820A3C125A /* FFCoord.m */ = {isa = PBXFileReference; fileEncoding = 4; lastKnownFileType = sourcecode.c.objc; path = FFCoord.m; sourceTree = "<group>"; };
		B6459871B8EF6DDEC7B6C3E5 /* FFMainMenu.h */ = {isa = PBXFileReference; fileEncoding = 4; lastKnownFileType = sourcecode.c.h; name = FFMainMenu.h; path = UI/Menu/FFMainMenu.h; sourceTree = "<group>"; };
		B6459955E7244639B7EC9634 /* FFGameViewController.m */ = {isa = PBXFileReference; fileEncoding = 4; lastKnownFileType = sourcecode.c.objc; path = FFGameViewController.m; sourceTree = "<group>"; };
		B64599B4080C7661188AB3E1 /* FFPattern.h */ = {isa = PBXFileReference; fileEncoding = 4; lastKnownFileType = sourcecode.c.h; name = FFPattern.h; path = Model/FFPattern.h; sourceTree = "<group>"; };
		B64599BC2694D01F1F148710 /* FFVersusFooter.h */ = {isa = PBXFileReference; fileEncoding = 4; lastKnownFileType = sourcecode.c.h; name = FFVersusFooter.h; path = UI/Menu/FFVersusFooter.h; sourceTree = "<group>"; };
		B64599F257DC03BC30824B00 /* FFChallengeMenu.h */ = {isa = PBXFileReference; fileEncoding = 4; lastKnownFileType = sourcecode.c.h; name = FFChallengeMenu.h; path = UI/Menu/FFChallengeMenu.h; sourceTree = "<group>"; };
		B6459A6840F024E037B6B15A /* FFGameViewController.h */ = {isa = PBXFileReference; fileEncoding = 4; lastKnownFileType = sourcecode.c.h; path = FFGameViewController.h; sourceTree = "<group>"; };
		B6459A8603D0B4A2FFEC85D4 /* FFPlayer.m */ = {isa = PBXFileReference; fileEncoding = 4; lastKnownFileType = sourcecode.c.objc; name = FFPlayer.m; path = Model/FFPlayer.m; sourceTree = "<group>"; };
		B6459ACD945C050F35B6DB67 /* FFPattern.m */ = {isa = PBXFileReference; fileEncoding = 4; lastKnownFileType = sourcecode.c.objc; name = FFPattern.m; path = Model/FFPattern.m; sourceTree = "<group>"; };
		B6459B062CA7DBD8B592CF76 /* FFGamePausedMenu.m */ = {isa = PBXFileReference; fileEncoding = 4; lastKnownFileType = sourcecode.c.objc; name = FFGamePausedMenu.m; path = UI/Menu/FFGamePausedMenu.m; sourceTree = "<group>"; };
		B6459B952B2CD7159D15EE80 /* FFMoveViewControl.m */ = {isa = PBXFileReference; fileEncoding = 4; lastKnownFileType = sourcecode.c.objc; name = FFMoveViewControl.m; path = UI/FFMoveViewControl.m; sourceTree = "<group>"; };
		B6459BA8F7AFCEE5A996C0FD /* FFGamesCore.h */ = {isa = PBXFileReference; fileEncoding = 4; lastKnownFileType = sourcecode.c.h; path = FFGamesCore.h; sourceTree = "<group>"; };
		B6459BCDC9EA0F616D1B005B /* FFPlayer.h */ = {isa = PBXFileReference; fileEncoding = 4; lastKnownFileType = sourcecode.c.h; name = FFPlayer.h; path = Model/FFPlayer.h; sourceTree = "<group>"; };
		B6459C1478F69EB6FA43CC9D /* FFAutoPlayer.m */ = {isa = PBXFileReference; fileEncoding = 4; lastKnownFileType = sourcecode.c.objc; path = FFAutoPlayer.m; sourceTree = "<group>"; };
		B6459C2A558844401ED2183E /* FFMove.h */ = {isa = PBXFileReference; fileEncoding = 4; lastKnownFileType = sourcecode.c.h; path = FFMove.h; sourceTree = "<group>"; };
		B6459C3BD2389E3D10447784 /* FFMoveViewControl.h */ = {isa = PBXFileReference; fileEncoding = 4; lastKnownFileType = sourcecode.c.h; name = FFMoveViewControl.h; path = UI/FFMoveViewControl.h; sourceTree = "<group>"; };
		B6459C458502A9DFE60822B3 /* FFPatternsViewControl.h */ = {isa = PBXFileReference; fileEncoding = 4; lastKnownFileType = sourcecode.c.h; name = FFPatternsViewControl.h; path = UI/FFPatternsViewControl.h; sourceTree = "<group>"; };
		B6459C9E32AB156486CB063B /* FFHistorySlider.m */ = {isa = PBXFileReference; fileEncoding = 4; lastKnownFileType = sourcecode.c.objc; name = FFHistorySlider.m; path = UI/Game/FFHistorySlider.m; sourceTree = "<group>"; };
		B6459CB1BCE1838C481398C4 /* FFPatternGenerator.m */ = {isa = PBXFileReference; fileEncoding = 4; lastKnownFileType = sourcecode.c.objc; path = FFPatternGenerator.m; sourceTree = "<group>"; };
		B6459CB8AA96836D220833B9 /* FFVersusFooter.m */ = {isa = PBXFileReference; fileEncoding = 4; lastKnownFileType = sourcecode.c.objc; name = FFVersusFooter.m; path = UI/Menu/FFVersusFooter.m; sourceTree = "<group>"; };
		B6459D225449F4C8338A1617 /* IDEAS.txt */ = {isa = PBXFileReference; fileEncoding = 4; lastKnownFileType = text; name = IDEAS.txt; path = Resources/IDEAS.txt; sourceTree = "<group>"; };
		B6459D650EE8DD7C7DA947FD /* FFGamesCore.m */ = {isa = PBXFileReference; fileEncoding = 4; lastKnownFileType = sourcecode.c.objc; path = FFGamesCore.m; sourceTree = "<group>"; };
		B6459D6DC49A57483A916B94 /* FFAutoSolver.m */ = {isa = PBXFileReference; fileEncoding = 4; lastKnownFileType = sourcecode.c.objc; path = FFAutoSolver.m; sourceTree = "<group>"; };
		B6459DAC856480E0DD1B2ECE /* FFChallengeGenerator.m */ = {isa = PBXFileReference; fileEncoding = 4; lastKnownFileType = sourcecode.c.objc; path = FFChallengeGenerator.m; sourceTree = "<group>"; };
		B6459DB96A4A3E13496445A2 /* FFMenuBackgroundView.h */ = {isa = PBXFileReference; fileEncoding = 4; lastKnownFileType = sourcecode.c.h; name = FFMenuBackgroundView.h; path = UI/Menu/FFMenuBackgroundView.h; sourceTree = "<group>"; };
		B6459DE4CD778D3FBA506044 /* FFMove.m */ = {isa = PBXFileReference; fileEncoding = 4; lastKnownFileType = sourcecode.c.objc; path = FFMove.m; sourceTree = "<group>"; };
		B6459DE572DE26764278AEFA /* FFAutoPlayer.h */ = {isa = PBXFileReference; fileEncoding = 4; lastKnownFileType = sourcecode.c.h; path = FFAutoPlayer.h; sourceTree = "<group>"; };
		B6459DED705E35BD9364F932 /* FFAutoSolver.h */ = {isa = PBXFileReference; fileEncoding = 4; lastKnownFileType = sourcecode.c.h; path = FFAutoSolver.h; sourceTree = "<group>"; };
		B6459EAACC344100DB28773C /* FFChallengeLoader.h */ = {isa = PBXFileReference; fileEncoding = 4; lastKnownFileType = sourcecode.c.h; path = FFChallengeLoader.h; sourceTree = "<group>"; };
		B6459EB105C0CAC77F65E10E /* FFGamePausedMenu.h */ = {isa = PBXFileReference; fileEncoding = 4; lastKnownFileType = sourcecode.c.h; name = FFGamePausedMenu.h; path = UI/Menu/FFGamePausedMenu.h; sourceTree = "<group>"; };
		B6459F47F325D6BFF958A060 /* FFChallengeGenerator.h */ = {isa = PBXFileReference; fileEncoding = 4; lastKnownFileType = sourcecode.c.h; path = FFChallengeGenerator.h; sourceTree = "<group>"; };
		B6459F60217E95E2A2B3517E /* FFTileViewMultiStated.h */ = {isa = PBXFileReference; fileEncoding = 4; lastKnownFileType = sourcecode.c.h; path = FFTileViewMultiStated.h; sourceTree = "<group>"; };
		CEA592EE1780663000DD6F86 /* QuartzCore.framework */ = {isa = PBXFileReference; lastKnownFileType = wrapper.framework; name = QuartzCore.framework; path = System/Library/Frameworks/QuartzCore.framework; sourceTree = SDKROOT; };
		CEA707E7176B817700DD93E9 /* FFGame.h */ = {isa = PBXFileReference; fileEncoding = 4; lastKnownFileType = sourcecode.c.h; name = FFGame.h; path = Model/FFGame.h; sourceTree = "<group>"; };
		CEA707E8176B817700DD93E9 /* FFGame.m */ = {isa = PBXFileReference; fileEncoding = 4; lastKnownFileType = sourcecode.c.objc; name = FFGame.m; path = Model/FFGame.m; sourceTree = "<group>"; };
		CEA707ED176B81FA00DD93E9 /* FFBoard.h */ = {isa = PBXFileReference; fileEncoding = 4; lastKnownFileType = sourcecode.c.h; name = FFBoard.h; path = Model/FFBoard.h; sourceTree = "<group>"; };
		CEA707EE176B81FA00DD93E9 /* FFBoard.m */ = {isa = PBXFileReference; fileEncoding = 4; lastKnownFileType = sourcecode.c.objc; name = FFBoard.m; path = Model/FFBoard.m; sourceTree = "<group>"; };
		CEA707F0176B824D00DD93E9 /* FFTile.h */ = {isa = PBXFileReference; fileEncoding = 4; lastKnownFileType = sourcecode.c.h; name = FFTile.h; path = Model/FFTile.h; sourceTree = "<group>"; };
		CEA707F1176B824D00DD93E9 /* FFTile.m */ = {isa = PBXFileReference; fileEncoding = 4; lastKnownFileType = sourcecode.c.objc; name = FFTile.m; path = Model/FFTile.m; sourceTree = "<group>"; };
		CEBBC110176B5FF3006F600E /* Flip4Friends.app */ = {isa = PBXFileReference; explicitFileType = wrapper.application; includeInIndex = 0; path = Flip4Friends.app; sourceTree = BUILT_PRODUCTS_DIR; };
		CEBBC113176B5FF3006F600E /* UIKit.framework */ = {isa = PBXFileReference; lastKnownFileType = wrapper.framework; name = UIKit.framework; path = System/Library/Frameworks/UIKit.framework; sourceTree = SDKROOT; };
		CEBBC115176B5FF3006F600E /* Foundation.framework */ = {isa = PBXFileReference; lastKnownFileType = wrapper.framework; name = Foundation.framework; path = System/Library/Frameworks/Foundation.framework; sourceTree = SDKROOT; };
		CEBBC117176B5FF3006F600E /* CoreGraphics.framework */ = {isa = PBXFileReference; lastKnownFileType = wrapper.framework; name = CoreGraphics.framework; path = System/Library/Frameworks/CoreGraphics.framework; sourceTree = SDKROOT; };
		CEBBC11B176B5FF4006F600E /* Flip4Friends-Info.plist */ = {isa = PBXFileReference; lastKnownFileType = text.plist.xml; path = "Flip4Friends-Info.plist"; sourceTree = "<group>"; };
		CEBBC11D176B5FF4006F600E /* en */ = {isa = PBXFileReference; lastKnownFileType = text.plist.strings; name = en; path = en.lproj/InfoPlist.strings; sourceTree = "<group>"; };
		CEBBC11F176B5FF4006F600E /* main.m */ = {isa = PBXFileReference; lastKnownFileType = sourcecode.c.objc; path = main.m; sourceTree = "<group>"; };
		CEBBC121176B5FF4006F600E /* Flip4Friends-Prefix.pch */ = {isa = PBXFileReference; lastKnownFileType = sourcecode.c.h; path = "Flip4Friends-Prefix.pch"; sourceTree = "<group>"; };
		CEBBC122176B5FF4006F600E /* FFAppDelegate.h */ = {isa = PBXFileReference; lastKnownFileType = sourcecode.c.h; path = FFAppDelegate.h; sourceTree = "<group>"; };
		CEBBC123176B5FF4006F600E /* FFAppDelegate.m */ = {isa = PBXFileReference; lastKnownFileType = sourcecode.c.objc; path = FFAppDelegate.m; sourceTree = "<group>"; };
		CEBBC125176B5FF4006F600E /* Default.png */ = {isa = PBXFileReference; lastKnownFileType = image.png; path = Default.png; sourceTree = "<group>"; };
		CEBBC127176B5FF4006F600E /* Default@2x.png */ = {isa = PBXFileReference; lastKnownFileType = image.png; path = "Default@2x.png"; sourceTree = "<group>"; };
		CEBBC129176B5FF4006F600E /* Default-568h@2x.png */ = {isa = PBXFileReference; lastKnownFileType = image.png; path = "Default-568h@2x.png"; sourceTree = "<group>"; };
		CEBBC12C176B5FF4006F600E /* en */ = {isa = PBXFileReference; lastKnownFileType = file.storyboard; name = en; path = en.lproj/MainStoryboard.storyboard; sourceTree = "<group>"; };
		CEBBC12E176B5FF4006F600E /* FFViewController.h */ = {isa = PBXFileReference; lastKnownFileType = sourcecode.c.h; path = FFViewController.h; sourceTree = "<group>"; };
		CEBBC12F176B5FF4006F600E /* FFViewController.m */ = {isa = PBXFileReference; lastKnownFileType = sourcecode.c.objc; path = FFViewController.m; sourceTree = "<group>"; };
		CEBBC136176B5FF4006F600E /* Flip4FriendsTests.octest */ = {isa = PBXFileReference; explicitFileType = wrapper.cfbundle; includeInIndex = 0; path = Flip4FriendsTests.octest; sourceTree = BUILT_PRODUCTS_DIR; };
		CEBBC137176B5FF4006F600E /* SenTestingKit.framework */ = {isa = PBXFileReference; lastKnownFileType = wrapper.framework; name = SenTestingKit.framework; path = Library/Frameworks/SenTestingKit.framework; sourceTree = DEVELOPER_DIR; };
		CEBBC13F176B5FF4006F600E /* Flip4FriendsTests-Info.plist */ = {isa = PBXFileReference; lastKnownFileType = text.plist.xml; path = "Flip4FriendsTests-Info.plist"; sourceTree = "<group>"; };
		CEBBC141176B5FF4006F600E /* en */ = {isa = PBXFileReference; lastKnownFileType = text.plist.strings; name = en; path = en.lproj/InfoPlist.strings; sourceTree = "<group>"; };
		CEBBC143176B5FF4006F600E /* Flip4FriendsTests.h */ = {isa = PBXFileReference; lastKnownFileType = sourcecode.c.h; path = Flip4FriendsTests.h; sourceTree = "<group>"; };
		CEBBC144176B5FF4006F600E /* Flip4FriendsTests.m */ = {isa = PBXFileReference; lastKnownFileType = sourcecode.c.objc; path = Flip4FriendsTests.m; sourceTree = "<group>"; };
		CEBBC14F176B776E006F600E /* FFBoardView.h */ = {isa = PBXFileReference; fileEncoding = 4; lastKnownFileType = sourcecode.c.h; name = FFBoardView.h; path = UI/FFBoardView.h; sourceTree = "<group>"; };
		CEBBC150176B776E006F600E /* FFBoardView.m */ = {isa = PBXFileReference; fileEncoding = 4; lastKnownFileType = sourcecode.c.objc; name = FFBoardView.m; path = UI/FFBoardView.m; sourceTree = "<group>"; };
		CEBD2C17179F47B0008C0835 /* back_pattern.png */ = {isa = PBXFileReference; lastKnownFileType = image.png; name = back_pattern.png; path = Resources/back_pattern.png; sourceTree = "<group>"; };
		CEBD2C18179F47B0008C0835 /* back_pattern@2x.png */ = {isa = PBXFileReference; lastKnownFileType = image.png; name = "back_pattern@2x.png"; path = "Resources/back_pattern@2x.png"; sourceTree = "<group>"; };
		CEBD2C1B179F50D5008C0835 /* black_pattern.png */ = {isa = PBXFileReference; lastKnownFileType = image.png; name = black_pattern.png; path = Resources/black_pattern.png; sourceTree = "<group>"; };
		CEBD2C1C179F50D5008C0835 /* white_pattern.png */ = {isa = PBXFileReference; lastKnownFileType = image.png; name = white_pattern.png; path = Resources/white_pattern.png; sourceTree = "<group>"; };
		CEBD2C2417A16D5B008C0835 /* FFMenuViewController.h */ = {isa = PBXFileReference; fileEncoding = 4; lastKnownFileType = sourcecode.c.h; name = FFMenuViewController.h; path = UI/Menu/FFMenuViewController.h; sourceTree = "<group>"; };
		CEBD2C2517A16D5B008C0835 /* FFMenuViewController.m */ = {isa = PBXFileReference; fileEncoding = 4; lastKnownFileType = sourcecode.c.objc; name = FFMenuViewController.m; path = UI/Menu/FFMenuViewController.m; sourceTree = "<group>"; };
		CEBD2C2717A18032008C0835 /* menu_back_pattern.png */ = {isa = PBXFileReference; lastKnownFileType = image.png; name = menu_back_pattern.png; path = Resources/menu_back_pattern.png; sourceTree = "<group>"; };
		CEBD2C2917A1BC19008C0835 /* FFGameFinishedMenu.h */ = {isa = PBXFileReference; fileEncoding = 4; lastKnownFileType = sourcecode.c.h; name = FFGameFinishedMenu.h; path = UI/Menu/FFGameFinishedMenu.h; sourceTree = "<group>"; };
		CEBD2C2A17A1BC19008C0835 /* FFGameFinishedMenu.m */ = {isa = PBXFileReference; fileEncoding = 4; lastKnownFileType = sourcecode.c.objc; name = FFGameFinishedMenu.m; path = UI/Menu/FFGameFinishedMenu.m; sourceTree = "<group>"; };
		CEBD2C2E17A55AF7008C0835 /* FFButton.h */ = {isa = PBXFileReference; fileEncoding = 4; lastKnownFileType = sourcecode.c.h; name = FFButton.h; path = UI/FFButton.h; sourceTree = "<group>"; };
		CEBD2C2F17A55AF7008C0835 /* FFButton.m */ = {isa = PBXFileReference; fileEncoding = 4; lastKnownFileType = sourcecode.c.objc; name = FFButton.m; path = UI/FFButton.m; sourceTree = "<group>"; };
		CEE6C36F17EA348A0026F2E8 /* FFChallengeCreatorController.h */ = {isa = PBXFileReference; fileEncoding = 4; lastKnownFileType = sourcecode.c.h; name = FFChallengeCreatorController.h; path = UI/Creator/FFChallengeCreatorController.h; sourceTree = "<group>"; };
		CEE6C37017EA348A0026F2E8 /* FFChallengeCreatorController.m */ = {isa = PBXFileReference; fileEncoding = 4; lastKnownFileType = sourcecode.c.objc; name = FFChallengeCreatorController.m; path = UI/Creator/FFChallengeCreatorController.m; sourceTree = "<group>"; };
		CEE6C37217EA37E00026F2E8 /* FFChallengePaintView.h */ = {isa = PBXFileReference; fileEncoding = 4; lastKnownFileType = sourcecode.c.h; name = FFChallengePaintView.h; path = UI/Creator/FFChallengePaintView.h; sourceTree = "<group>"; };
		CEE6C37317EA37E00026F2E8 /* FFChallengePaintView.m */ = {isa = PBXFileReference; fileEncoding = 4; lastKnownFileType = sourcecode.c.objc; name = FFChallengePaintView.m; path = UI/Creator/FFChallengePaintView.m; sourceTree = "<group>"; };
/* End PBXFileReference section */

/* Begin PBXFrameworksBuildPhase section */
		CEBBC10D176B5FF3006F600E /* Frameworks */ = {
			isa = PBXFrameworksBuildPhase;
			buildActionMask = 2147483647;
			files = (
				CEA592EF1780663000DD6F86 /* QuartzCore.framework in Frameworks */,
				CEBBC114176B5FF3006F600E /* UIKit.framework in Frameworks */,
				CEBBC116176B5FF3006F600E /* Foundation.framework in Frameworks */,
				CEBBC118176B5FF3006F600E /* CoreGraphics.framework in Frameworks */,
			);
			runOnlyForDeploymentPostprocessing = 0;
		};
		CEBBC132176B5FF4006F600E /* Frameworks */ = {
			isa = PBXFrameworksBuildPhase;
			buildActionMask = 2147483647;
			files = (
				CEBBC138176B5FF4006F600E /* SenTestingKit.framework in Frameworks */,
				CEBBC139176B5FF4006F600E /* UIKit.framework in Frameworks */,
				CEBBC13A176B5FF4006F600E /* Foundation.framework in Frameworks */,
			);
			runOnlyForDeploymentPostprocessing = 0;
		};
/* End PBXFrameworksBuildPhase section */

/* Begin PBXGroup section */
		B64595DC4E2AF1961957788F /* Balancing */ = {
			isa = PBXGroup;
			children = (
				B6459DE572DE26764278AEFA /* FFAutoPlayer.h */,
				B6459C1478F69EB6FA43CC9D /* FFAutoPlayer.m */,
				B6459D6DC49A57483A916B94 /* FFAutoSolver.m */,
				B6459DED705E35BD9364F932 /* FFAutoSolver.h */,
				B64593F8812F891D4F442018 /* FFPatternGenerator.h */,
				B6459CB1BCE1838C481398C4 /* FFPatternGenerator.m */,
			);
			path = Balancing;
			sourceTree = "<group>";
		};
		CEA592ED178062EC00DD6F86 /* Resources */ = {
			isa = PBXGroup;
			children = (
				CEBD2C17179F47B0008C0835 /* back_pattern.png */,
				CEBD2C2717A18032008C0835 /* menu_back_pattern.png */,
				CEBD2C1B179F50D5008C0835 /* black_pattern.png */,
				CEBD2C1C179F50D5008C0835 /* white_pattern.png */,
				CEBD2C18179F47B0008C0835 /* back_pattern@2x.png */,
				B6459D225449F4C8338A1617 /* IDEAS.txt */,
				B64594F85CF9B72D613D4509 /* challenges.txt */,
				B6459409CEB4CCFD780373F6 /* random_challenges.txt */,
			);
			name = Resources;
			sourceTree = "<group>";
		};
		CEA707E6176B814C00DD93E9 /* Model */ = {
			isa = PBXGroup;
			children = (
				CEA707E7176B817700DD93E9 /* FFGame.h */,
				CEA707E8176B817700DD93E9 /* FFGame.m */,
				CEA707ED176B81FA00DD93E9 /* FFBoard.h */,
				CEA707EE176B81FA00DD93E9 /* FFBoard.m */,
				CEA707F0176B824D00DD93E9 /* FFTile.h */,
				CEA707F1176B824D00DD93E9 /* FFTile.m */,
				B6459A8603D0B4A2FFEC85D4 /* FFPlayer.m */,
				B6459BCDC9EA0F616D1B005B /* FFPlayer.h */,
				B6459ACD945C050F35B6DB67 /* FFPattern.m */,
				B64599B4080C7661188AB3E1 /* FFPattern.h */,
				B645980C027083820A3C125A /* FFCoord.m */,
				B645974FD0AC315D6039709A /* FFCoord.h */,
				B6459DE4CD778D3FBA506044 /* FFMove.m */,
				B6459C2A558844401ED2183E /* FFMove.h */,
			);
			name = Model;
			sourceTree = "<group>";
		};
		CEBBC107176B5FF3006F600E = {
			isa = PBXGroup;
			children = (
				CEA592EE1780663000DD6F86 /* QuartzCore.framework */,
				CEBBC119176B5FF4006F600E /* Flip4Friends */,
				CEBBC13D176B5FF4006F600E /* Flip4FriendsTests */,
				CEBBC112176B5FF3006F600E /* Frameworks */,
				CEBBC111176B5FF3006F600E /* Products */,
			);
			sourceTree = "<group>";
		};
		CEBBC111176B5FF3006F600E /* Products */ = {
			isa = PBXGroup;
			children = (
				CEBBC110176B5FF3006F600E /* Flip4Friends.app */,
				CEBBC136176B5FF4006F600E /* Flip4FriendsTests.octest */,
			);
			name = Products;
			sourceTree = "<group>";
		};
		CEBBC112176B5FF3006F600E /* Frameworks */ = {
			isa = PBXGroup;
			children = (
				CEBBC113176B5FF3006F600E /* UIKit.framework */,
				CEBBC115176B5FF3006F600E /* Foundation.framework */,
				CEBBC117176B5FF3006F600E /* CoreGraphics.framework */,
				CEBBC137176B5FF4006F600E /* SenTestingKit.framework */,
			);
			name = Frameworks;
			sourceTree = "<group>";
		};
		CEBBC119176B5FF4006F600E /* Flip4Friends */ = {
			isa = PBXGroup;
			children = (
				CEA592ED178062EC00DD6F86 /* Resources */,
				CEA707E6176B814C00DD93E9 /* Model */,
				CEBBC14E176B773C006F600E /* UI */,
				CEBBC122176B5FF4006F600E /* FFAppDelegate.h */,
				CEBBC123176B5FF4006F600E /* FFAppDelegate.m */,
				CEBBC12E176B5FF4006F600E /* FFViewController.h */,
				CEBBC12F176B5FF4006F600E /* FFViewController.m */,
				CEBBC11A176B5FF4006F600E /* Supporting Files */,
				B6459D650EE8DD7C7DA947FD /* FFGamesCore.m */,
				B6459BA8F7AFCEE5A996C0FD /* FFGamesCore.h */,
				CEBD2C2E17A55AF7008C0835 /* FFButton.h */,
				CEBD2C2F17A55AF7008C0835 /* FFButton.m */,
				B645925EB72CA866391B4DD8 /* Localizable.strings */,
				B64595DC4E2AF1961957788F /* Balancing */,
				B6459F47F325D6BFF958A060 /* FFChallengeGenerator.h */,
				B6459DAC856480E0DD1B2ECE /* FFChallengeGenerator.m */,
				B64592BA75A80AF992A6B8A9 /* FFChallengeLoader.m */,
				B6459EAACC344100DB28773C /* FFChallengeLoader.h */,
			);
			path = Flip4Friends;
			sourceTree = "<group>";
		};
		CEBBC11A176B5FF4006F600E /* Supporting Files */ = {
			isa = PBXGroup;
			children = (
				CEBBC11B176B5FF4006F600E /* Flip4Friends-Info.plist */,
				CEBBC11C176B5FF4006F600E /* InfoPlist.strings */,
				CEBBC11F176B5FF4006F600E /* main.m */,
				CEBBC121176B5FF4006F600E /* Flip4Friends-Prefix.pch */,
				CEBBC125176B5FF4006F600E /* Default.png */,
				CEBBC127176B5FF4006F600E /* Default@2x.png */,
				CEBBC129176B5FF4006F600E /* Default-568h@2x.png */,
			);
			name = "Supporting Files";
			sourceTree = "<group>";
		};
		CEBBC13D176B5FF4006F600E /* Flip4FriendsTests */ = {
			isa = PBXGroup;
			children = (
				CEBBC143176B5FF4006F600E /* Flip4FriendsTests.h */,
				CEBBC144176B5FF4006F600E /* Flip4FriendsTests.m */,
				CEBBC13E176B5FF4006F600E /* Supporting Files */,
			);
			path = Flip4FriendsTests;
			sourceTree = "<group>";
		};
		CEBBC13E176B5FF4006F600E /* Supporting Files */ = {
			isa = PBXGroup;
			children = (
				CEBBC13F176B5FF4006F600E /* Flip4FriendsTests-Info.plist */,
				CEBBC140176B5FF4006F600E /* InfoPlist.strings */,
			);
			name = "Supporting Files";
			sourceTree = "<group>";
		};
		CEBBC14E176B773C006F600E /* UI */ = {
			isa = PBXGroup;
			children = (
				CEE6C36E17EA34280026F2E8 /* ChallengeBuilder */,
				CEBD2C2D17A55A73008C0835 /* Game */,
				CEBD2C2317A16D27008C0835 /* Menu */,
				CEBBC12B176B5FF4006F600E /* MainStoryboard.storyboard */,
				B645937842B29C30EB2ACB94 /* UIColor+FFColors.m */,
				B645904F6B1CE3597FB2F75C /* UIColor+FFColors.h */,
			);
			name = UI;
			sourceTree = "<group>";
		};
		CEBD2C2317A16D27008C0835 /* Menu */ = {
			isa = PBXGroup;
			children = (
				CEBD2C2417A16D5B008C0835 /* FFMenuViewController.h */,
				CEBD2C2517A16D5B008C0835 /* FFMenuViewController.m */,
				B645966D7BB73B2266C7D08E /* FFChallengeMenu.m */,
				B64599F257DC03BC30824B00 /* FFChallengeMenu.h */,
				CEBD2C2917A1BC19008C0835 /* FFGameFinishedMenu.h */,
				CEBD2C2A17A1BC19008C0835 /* FFGameFinishedMenu.m */,
				B6459B062CA7DBD8B592CF76 /* FFGamePausedMenu.m */,
				B6459EB105C0CAC77F65E10E /* FFGamePausedMenu.h */,
				B645917B4741F38A59553D33 /* FFMenuBackgroundView.m */,
				B6459DB96A4A3E13496445A2 /* FFMenuBackgroundView.h */,
				B645930192944443B4EAC7B1 /* FFMainMenu.m */,
				B6459871B8EF6DDEC7B6C3E5 /* FFMainMenu.h */,
				B64596D04506AEA255CEF567 /* FFChallengeFooter.m */,
				B645907DFA5712C41B855D1E /* FFChallengeFooter.h */,
				B6459CB8AA96836D220833B9 /* FFVersusFooter.m */,
				B64599BC2694D01F1F148710 /* FFVersusFooter.h */,
			);
			name = Menu;
			sourceTree = "<group>";
		};
		CEBD2C2D17A55A73008C0835 /* Game */ = {
			isa = PBXGroup;
			children = (
				B6459300E7486AC52035208E /* FFPatternView.m */,
				B6459A6840F024E037B6B15A /* FFGameViewController.h */,
				B64591A9811674B95BFF547A /* FFPatternsViewControl.m */,
				B6459C458502A9DFE60822B3 /* FFPatternsViewControl.h */,
				B6459B952B2CD7159D15EE80 /* FFMoveViewControl.m */,
				B6459C3BD2389E3D10447784 /* FFMoveViewControl.h */,
				B6459955E7244639B7EC9634 /* FFGameViewController.m */,
				B64592858C11E8716FFDBDE0 /* FFPatternView.h */,
				CEBBC14F176B776E006F600E /* FFBoardView.h */,
				CEBBC150176B776E006F600E /* FFBoardView.m */,
				B645943C3F94EFC03E9CC33A /* FFTileViewMultiStated.m */,
				B6459F60217E95E2A2B3517E /* FFTileViewMultiStated.h */,
				B6459C9E32AB156486CB063B /* FFHistorySlider.m */,
				B645900DDCDA971F90D85CC6 /* FFHistorySlider.h */,
			);
			name = Game;
			sourceTree = "<group>";
		};
		CEE6C36E17EA34280026F2E8 /* ChallengeBuilder */ = {
			isa = PBXGroup;
			children = (
				CEE6C36F17EA348A0026F2E8 /* FFChallengeCreatorController.h */,
				CEE6C37017EA348A0026F2E8 /* FFChallengeCreatorController.m */,
				CEE6C37217EA37E00026F2E8 /* FFChallengePaintView.h */,
				CEE6C37317EA37E00026F2E8 /* FFChallengePaintView.m */,
			);
			name = ChallengeBuilder;
			sourceTree = "<group>";
		};
/* End PBXGroup section */

/* Begin PBXNativeTarget section */
		CEBBC10F176B5FF3006F600E /* Flip4Friends */ = {
			isa = PBXNativeTarget;
			buildConfigurationList = CEBBC148176B5FF4006F600E /* Build configuration list for PBXNativeTarget "Flip4Friends" */;
			buildPhases = (
				CEBBC10C176B5FF3006F600E /* Sources */,
				CEBBC10D176B5FF3006F600E /* Frameworks */,
				CEBBC10E176B5FF3006F600E /* Resources */,
			);
			buildRules = (
			);
			dependencies = (
			);
			name = Flip4Friends;
			productName = Flip4Friends;
			productReference = CEBBC110176B5FF3006F600E /* Flip4Friends.app */;
			productType = "com.apple.product-type.application";
		};
		CEBBC135176B5FF4006F600E /* Flip4FriendsTests */ = {
			isa = PBXNativeTarget;
			buildConfigurationList = CEBBC14B176B5FF4006F600E /* Build configuration list for PBXNativeTarget "Flip4FriendsTests" */;
			buildPhases = (
				CEBBC131176B5FF4006F600E /* Sources */,
				CEBBC132176B5FF4006F600E /* Frameworks */,
				CEBBC133176B5FF4006F600E /* Resources */,
				CEBBC134176B5FF4006F600E /* ShellScript */,
			);
			buildRules = (
			);
			dependencies = (
				CEBBC13C176B5FF4006F600E /* PBXTargetDependency */,
			);
			name = Flip4FriendsTests;
			productName = Flip4FriendsTests;
			productReference = CEBBC136176B5FF4006F600E /* Flip4FriendsTests.octest */;
			productType = "com.apple.product-type.bundle";
		};
/* End PBXNativeTarget section */

/* Begin PBXProject section */
		CEBBC108176B5FF3006F600E /* Project object */ = {
			isa = PBXProject;
			attributes = {
				CLASSPREFIX = FF;
				LastUpgradeCheck = 0460;
				ORGANIZATIONNAME = FlippyFriends;
			};
			buildConfigurationList = CEBBC10B176B5FF3006F600E /* Build configuration list for PBXProject "Flip4Friends" */;
			compatibilityVersion = "Xcode 3.2";
			developmentRegion = English;
			hasScannedForEncodings = 0;
			knownRegions = (
				en,
			);
			mainGroup = CEBBC107176B5FF3006F600E;
			productRefGroup = CEBBC111176B5FF3006F600E /* Products */;
			projectDirPath = "";
			projectRoot = "";
			targets = (
				CEBBC10F176B5FF3006F600E /* Flip4Friends */,
				CEBBC135176B5FF4006F600E /* Flip4FriendsTests */,
			);
		};
/* End PBXProject section */

/* Begin PBXResourcesBuildPhase section */
		CEBBC10E176B5FF3006F600E /* Resources */ = {
			isa = PBXResourcesBuildPhase;
			buildActionMask = 2147483647;
			files = (
				CEBBC11E176B5FF4006F600E /* InfoPlist.strings in Resources */,
				CEBBC126176B5FF4006F600E /* Default.png in Resources */,
				CEBBC128176B5FF4006F600E /* Default@2x.png in Resources */,
				CEBBC12A176B5FF4006F600E /* Default-568h@2x.png in Resources */,
				CEBBC12D176B5FF4006F600E /* MainStoryboard.storyboard in Resources */,
				CEBD2C19179F47B0008C0835 /* back_pattern.png in Resources */,
				CEBD2C1A179F47B0008C0835 /* back_pattern@2x.png in Resources */,
				CEBD2C1D179F50D5008C0835 /* black_pattern.png in Resources */,
				CEBD2C1E179F50D5008C0835 /* white_pattern.png in Resources */,
				CEBD2C2817A18032008C0835 /* menu_back_pattern.png in Resources */,
				B6459DCEA5DA144487578E2F /* IDEAS.txt in Resources */,
				B64597CDAEB1F2666B8FFEC5 /* Localizable.strings in Resources */,
				B6459B39DBEF771B6645742F /* challenges.txt in Resources */,
				B6459D8857D1D1A9DACDC2C3 /* random_challenges.txt in Resources */,
			);
			runOnlyForDeploymentPostprocessing = 0;
		};
		CEBBC133176B5FF4006F600E /* Resources */ = {
			isa = PBXResourcesBuildPhase;
			buildActionMask = 2147483647;
			files = (
				CEBBC142176B5FF4006F600E /* InfoPlist.strings in Resources */,
			);
			runOnlyForDeploymentPostprocessing = 0;
		};
/* End PBXResourcesBuildPhase section */

/* Begin PBXShellScriptBuildPhase section */
		CEBBC134176B5FF4006F600E /* ShellScript */ = {
			isa = PBXShellScriptBuildPhase;
			buildActionMask = 2147483647;
			files = (
			);
			inputPaths = (
			);
			outputPaths = (
			);
			runOnlyForDeploymentPostprocessing = 0;
			shellPath = /bin/sh;
			shellScript = "# Run the unit tests in this test bundle.\n\"${SYSTEM_DEVELOPER_DIR}/Tools/RunUnitTests\"\n";
		};
/* End PBXShellScriptBuildPhase section */

/* Begin PBXSourcesBuildPhase section */
		CEBBC10C176B5FF3006F600E /* Sources */ = {
			isa = PBXSourcesBuildPhase;
			buildActionMask = 2147483647;
			files = (
				CEBBC120176B5FF4006F600E /* main.m in Sources */,
				CEBBC124176B5FF4006F600E /* FFAppDelegate.m in Sources */,
				CEBBC130176B5FF4006F600E /* FFViewController.m in Sources */,
				CEBBC151176B776E006F600E /* FFBoardView.m in Sources */,
				CEA707E9176B817700DD93E9 /* FFGame.m in Sources */,
				CEA707EF176B81FA00DD93E9 /* FFBoard.m in Sources */,
				CEA707F2176B824D00DD93E9 /* FFTile.m in Sources */,
				B6459B45660C538B80CA8CD6 /* FFGamesCore.m in Sources */,
				B64592839F62BB9661F84CA1 /* FFTileViewMultiStated.m in Sources */,
				B645980102D932D93CC16027 /* FFGameViewController.m in Sources */,
				B6459DAF3602AC4B9F7ABAAF /* FFPlayer.m in Sources */,
				B64595B9B5072D416D5547A9 /* FFPattern.m in Sources */,
				B64594770D9FB09BD2C623E2 /* FFCoord.m in Sources */,
				B6459D38B5124639F4E20382 /* FFMove.m in Sources */,
				B6459DEBC48BCB5E872C6F2E /* FFPatternView.m in Sources */,
				B64591D5C16C0A7F919A5600 /* FFPatternsViewControl.m in Sources */,
				B64598F2532A41B1462E4036 /* FFMoveViewControl.m in Sources */,
				B6459EAE7A86A4CB2BC3AA9B /* UIColor+FFColors.m in Sources */,
				B6459246F1D3585604D8AE16 /* FFPatternGenerator.m in Sources */,
				CEBD2C2617A16D5B008C0835 /* FFMenuViewController.m in Sources */,
				B64595ADA377211E828CC2EE /* FFChallengeMenu.m in Sources */,
				CEBD2C2B17A1BC19008C0835 /* FFGameFinishedMenu.m in Sources */,
				CEBD2C3017A55AF7008C0835 /* FFButton.m in Sources */,
				B645956E36D5969BC583EBD3 /* FFGamePausedMenu.m in Sources */,
				B6459415A1D2334F7BE399DA /* FFMenuBackgroundView.m in Sources */,
				B6459F0F1E312C03ED054A23 /* FFHistorySlider.m in Sources */,
				B64595A7D35D6B6DB4F83D0B /* FFMainMenu.m in Sources */,
				B6459CABDB773FEA1003F9A8 /* FFAutoPlayer.m in Sources */,
				B64599B7FF823B0EEA0F7305 /* FFChallengeFooter.m in Sources */,
				B645945670CABDAEE11908A6 /* FFVersusFooter.m in Sources */,
				B64596554E12012732F35E91 /* FFAutoSolver.m in Sources */,
				B6459A6C42EA2CF39F9745D7 /* FFChallengeGenerator.m in Sources */,
				B6459F1CE7FAB5C908986645 /* FFChallengeLoader.m in Sources */,
				CEE6C37117EA348A0026F2E8 /* FFChallengeCreatorController.m in Sources */,
				CEE6C37417EA37E00026F2E8 /* FFChallengePaintView.m in Sources */,
			);
			runOnlyForDeploymentPostprocessing = 0;
		};
		CEBBC131176B5FF4006F600E /* Sources */ = {
			isa = PBXSourcesBuildPhase;
			buildActionMask = 2147483647;
			files = (
				CEBBC145176B5FF4006F600E /* Flip4FriendsTests.m in Sources */,
			);
			runOnlyForDeploymentPostprocessing = 0;
		};
/* End PBXSourcesBuildPhase section */

/* Begin PBXTargetDependency section */
		CEBBC13C176B5FF4006F600E /* PBXTargetDependency */ = {
			isa = PBXTargetDependency;
			target = CEBBC10F176B5FF3006F600E /* Flip4Friends */;
			targetProxy = CEBBC13B176B5FF4006F600E /* PBXContainerItemProxy */;
		};
/* End PBXTargetDependency section */

/* Begin PBXVariantGroup section */
		CEBBC11C176B5FF4006F600E /* InfoPlist.strings */ = {
			isa = PBXVariantGroup;
			children = (
				CEBBC11D176B5FF4006F600E /* en */,
			);
			name = InfoPlist.strings;
			sourceTree = "<group>";
		};
		CEBBC12B176B5FF4006F600E /* MainStoryboard.storyboard */ = {
			isa = PBXVariantGroup;
			children = (
				CEBBC12C176B5FF4006F600E /* en */,
			);
			name = MainStoryboard.storyboard;
			sourceTree = "<group>";
		};
		CEBBC140176B5FF4006F600E /* InfoPlist.strings */ = {
			isa = PBXVariantGroup;
			children = (
				CEBBC141176B5FF4006F600E /* en */,
			);
			name = InfoPlist.strings;
			sourceTree = "<group>";
		};
/* End PBXVariantGroup section */

/* Begin XCBuildConfiguration section */
		CEBBC146176B5FF4006F600E /* Debug */ = {
			isa = XCBuildConfiguration;
			buildSettings = {
				ALWAYS_SEARCH_USER_PATHS = NO;
				CLANG_CXX_LANGUAGE_STANDARD = "gnu++0x";
				CLANG_CXX_LIBRARY = "libc++";
				CLANG_ENABLE_OBJC_ARC = YES;
				CLANG_WARN_CONSTANT_CONVERSION = YES;
				CLANG_WARN_EMPTY_BODY = YES;
				CLANG_WARN_ENUM_CONVERSION = YES;
				CLANG_WARN_INT_CONVERSION = YES;
				CLANG_WARN__DUPLICATE_METHOD_MATCH = YES;
				"CODE_SIGN_IDENTITY[sdk=iphoneos*]" = "iPhone Developer";
				COPY_PHASE_STRIP = NO;
				GCC_C_LANGUAGE_STANDARD = gnu99;
				GCC_DYNAMIC_NO_PIC = NO;
				GCC_OPTIMIZATION_LEVEL = 0;
				GCC_PREPROCESSOR_DEFINITIONS = (
					"DEBUG=1",
					"$(inherited)",
				);
				GCC_SYMBOLS_PRIVATE_EXTERN = NO;
				GCC_WARN_ABOUT_RETURN_TYPE = YES;
				GCC_WARN_UNINITIALIZED_AUTOS = YES;
				GCC_WARN_UNUSED_VARIABLE = YES;
				IPHONEOS_DEPLOYMENT_TARGET = 6.1;
				ONLY_ACTIVE_ARCH = YES;
				SDKROOT = iphoneos;
			};
			name = Debug;
		};
		CEBBC147176B5FF4006F600E /* Release */ = {
			isa = XCBuildConfiguration;
			buildSettings = {
				ALWAYS_SEARCH_USER_PATHS = NO;
				CLANG_CXX_LANGUAGE_STANDARD = "gnu++0x";
				CLANG_CXX_LIBRARY = "libc++";
				CLANG_ENABLE_OBJC_ARC = YES;
				CLANG_WARN_CONSTANT_CONVERSION = YES;
				CLANG_WARN_EMPTY_BODY = YES;
				CLANG_WARN_ENUM_CONVERSION = YES;
				CLANG_WARN_INT_CONVERSION = YES;
				CLANG_WARN__DUPLICATE_METHOD_MATCH = YES;
				"CODE_SIGN_IDENTITY[sdk=iphoneos*]" = "iPhone Developer";
				COPY_PHASE_STRIP = YES;
				GCC_C_LANGUAGE_STANDARD = gnu99;
				GCC_WARN_ABOUT_RETURN_TYPE = YES;
				GCC_WARN_UNINITIALIZED_AUTOS = YES;
				GCC_WARN_UNUSED_VARIABLE = YES;
				IPHONEOS_DEPLOYMENT_TARGET = 6.1;
				OTHER_CFLAGS = "-DNS_BLOCK_ASSERTIONS=1";
				SDKROOT = iphoneos;
				VALIDATE_PRODUCT = YES;
			};
			name = Release;
		};
		CEBBC149176B5FF4006F600E /* Debug */ = {
			isa = XCBuildConfiguration;
			buildSettings = {
				GCC_PRECOMPILE_PREFIX_HEADER = YES;
				GCC_PREFIX_HEADER = "Flip4Friends/Flip4Friends-Prefix.pch";
				INFOPLIST_FILE = "Flip4Friends/Flip4Friends-Info.plist";
				IPHONEOS_DEPLOYMENT_TARGET = 6.1;
				PRODUCT_NAME = "$(TARGET_NAME)";
				WRAPPER_EXTENSION = app;
			};
			name = Debug;
		};
		CEBBC14A176B5FF4006F600E /* Release */ = {
			isa = XCBuildConfiguration;
			buildSettings = {
				GCC_PRECOMPILE_PREFIX_HEADER = YES;
				GCC_PREFIX_HEADER = "Flip4Friends/Flip4Friends-Prefix.pch";
				INFOPLIST_FILE = "Flip4Friends/Flip4Friends-Info.plist";
				IPHONEOS_DEPLOYMENT_TARGET = 6.1;
				PRODUCT_NAME = "$(TARGET_NAME)";
				WRAPPER_EXTENSION = app;
			};
			name = Release;
		};
		CEBBC14C176B5FF4006F600E /* Debug */ = {
			isa = XCBuildConfiguration;
			buildSettings = {
				BUNDLE_LOADER = "$(BUILT_PRODUCTS_DIR)/Flip4Friends.app/Flip4Friends";
				FRAMEWORK_SEARCH_PATHS = (
					"\"$(SDKROOT)/Developer/Library/Frameworks\"",
					"\"$(DEVELOPER_LIBRARY_DIR)/Frameworks\"",
				);
				GCC_PRECOMPILE_PREFIX_HEADER = YES;
				GCC_PREFIX_HEADER = "Flip4Friends/Flip4Friends-Prefix.pch";
				INFOPLIST_FILE = "Flip4FriendsTests/Flip4FriendsTests-Info.plist";
				PRODUCT_NAME = "$(TARGET_NAME)";
				TEST_HOST = "$(BUNDLE_LOADER)";
				WRAPPER_EXTENSION = octest;
			};
			name = Debug;
		};
		CEBBC14D176B5FF4006F600E /* Release */ = {
			isa = XCBuildConfiguration;
			buildSettings = {
				BUNDLE_LOADER = "$(BUILT_PRODUCTS_DIR)/Flip4Friends.app/Flip4Friends";
				FRAMEWORK_SEARCH_PATHS = (
					"\"$(SDKROOT)/Developer/Library/Frameworks\"",
					"\"$(DEVELOPER_LIBRARY_DIR)/Frameworks\"",
				);
				GCC_PRECOMPILE_PREFIX_HEADER = YES;
				GCC_PREFIX_HEADER = "Flip4Friends/Flip4Friends-Prefix.pch";
				INFOPLIST_FILE = "Flip4FriendsTests/Flip4FriendsTests-Info.plist";
				PRODUCT_NAME = "$(TARGET_NAME)";
				TEST_HOST = "$(BUNDLE_LOADER)";
				WRAPPER_EXTENSION = octest;
			};
			name = Release;
		};
/* End XCBuildConfiguration section */

/* Begin XCConfigurationList section */
		CEBBC10B176B5FF3006F600E /* Build configuration list for PBXProject "Flip4Friends" */ = {
			isa = XCConfigurationList;
			buildConfigurations = (
				CEBBC146176B5FF4006F600E /* Debug */,
				CEBBC147176B5FF4006F600E /* Release */,
			);
			defaultConfigurationIsVisible = 0;
			defaultConfigurationName = Release;
		};
		CEBBC148176B5FF4006F600E /* Build configuration list for PBXNativeTarget "Flip4Friends" */ = {
			isa = XCConfigurationList;
			buildConfigurations = (
				CEBBC149176B5FF4006F600E /* Debug */,
				CEBBC14A176B5FF4006F600E /* Release */,
			);
			defaultConfigurationIsVisible = 0;
			defaultConfigurationName = Release;
		};
		CEBBC14B176B5FF4006F600E /* Build configuration list for PBXNativeTarget "Flip4FriendsTests" */ = {
			isa = XCConfigurationList;
			buildConfigurations = (
				CEBBC14C176B5FF4006F600E /* Debug */,
				CEBBC14D176B5FF4006F600E /* Release */,
			);
			defaultConfigurationIsVisible = 0;
			defaultConfigurationName = Release;
		};
/* End XCConfigurationList section */
	};
	rootObject = CEBBC108176B5FF3006F600E /* Project object */;
}
